{
  "name": "percepta",
  "version": "0.1.0",
  "lockfileVersion": 3,
  "requires": true,
  "packages": {
    "": {
      "name": "percepta",
      "version": "0.1.0",
      "dependencies": {
        "@echelon-foundry/design-system": "https://github.com/kemiller2002/forma/releases/download/v0.2.0/echelon-foundry-design-system-0.2.0.tgz",
        "@echelon-foundry/print-components": "github:kemiller2002/folio#2b101b6d840a670abb959148fff8e1477c059eda",
        "@echelon-foundry/typescript-wasm-kernel": "0.6.1"
      },
      "devDependencies": {
        "@echelon-foundry/communication-engineering": "github:kemiller2002/communication-engineering#4590d2fe6f7e80b339117d3fbee5803f2dd39122",
        "@echelon-foundry/visual-engineering": "1.0.0"
      },
      "engines": {
        "node": ">=24 <25"
      }
    },
    "node_modules/@echelon-foundry/communication-engineering": {
      "version": "1.0.0",
      "resolved": "git+ssh://git@github.com/kemiller2002/communication-engineering.git#4590d2fe6f7e80b339117d3fbee5803f2dd39122",
      "integrity": "sha512-Oj4SlZP9Ix3CeNfiWmsYanje6wDZfYDo0jkrFS5ObHiPZYiIgsdxKTNDCX2m9+6u5OpDcLsPgdUJvFngmBEk8A==",
      "dev": true,
      "bin": {
        "communication-engineering": "bin/communication-engineering.mjs"
      },
      "engines": {
        "node": ">=20"
      }
    },
    "node_modules/@echelon-foundry/design-system": {
      "version": "0.2.0",
      "resolved": "https://github.com/kemiller2002/forma/releases/download/v0.2.0/echelon-foundry-design-system-0.2.0.tgz",
      "integrity": "sha512-+OYpDCt+JyfiLRtgqZsZyXGTSE3YOdJlnmUkcq4ax6Swf4sJngRmte4ZywERs+ZPNmhAVdKsXKynzunhAPuQWQ=="
    },
    "node_modules/@echelon-foundry/print-components": {
      "version": "0.3.0",
      "resolved": "git+ssh://git@github.com/kemiller2002/folio.git#2b101b6d840a670abb959148fff8e1477c059eda",
      "integrity": "sha512-bZzJdd4XRQ8dqTiELgYNdoPjgZ0qwlT1Pdh9mYQYwGtLKKqt1iQWdEMhkNmRqTHkDTL7bKQxvkrXhSC4EZG+Rw==",
      "engines": {
        "node": ">=24 <25"
      }
    },
    "node_modules/@echelon-foundry/typescript-wasm-kernel": {
      "version": "0.6.1",
      "resolved": "https://registry.npmjs.org/@echelon-foundry/typescript-wasm-kernel/-/typescript-wasm-kernel-0.6.1.tgz",
      "integrity": "sha512-Tn1SHUjHbMiuzWirV6YC8hq453826NM9mEcBgzIU6TGkbBWS3fE4fDs3UwuFpbQ6L9WWeSsggI/pfHPRz9NYLg==",
      "license": "MIT",
      "bin": {
        "limen": "bin/limen.js",
        "typescript-wasm-kernel": "bin/limen.js"
      },
      "engines": {
        "node": ">=22"
      }
    },
    "node_modules/@echelon-foundry/visual-engineering": {
      "version": "1.0.0",
      "resolved": "https://registry.npmjs.org/@echelon-foundry/visual-engineering/-/visual-engineering-1.0.0.tgz",
      "integrity": "sha512-Bqxv2bhs2NH18fy5XwmGm24hJ7PvvwYjJv+GQ/I++nwIj0FczvbjF/9xGOeOel3f3LxfOgiGiQSIwfmudyrI9g==",
      "dev": true,
      "license": "MIT",
      "bin": {
        "visual-engineering": "bin/visual-engineering.js"
      },
      "engines": {
        "node": ">=20"
      },
      "optionalDependencies": {
        "@echelon-foundry/visual-engineering-linux-arm64": "1.0.0",
        "@echelon-foundry/visual-engineering-linux-x64": "1.0.0",
        "@echelon-foundry/visual-engineering-osx-arm64": "1.0.0",
        "@echelon-foundry/visual-engineering-osx-x64": "1.0.0",
        "@echelon-foundry/visual-engineering-win-arm64": "1.0.0",
        "@echelon-foundry/visual-engineering-win-x64": "1.0.0"
      }
    },
    "node_modules/@echelon-foundry/visual-engineering-linux-arm64": {
      "version": "1.0.0",
      "resolved": "https://registry.npmjs.org/@echelon-foundry/visual-engineering-linux-arm64/-/visual-engineering-linux-arm64-1.0.0.tgz",
      "integrity": "sha512-EX2Dv3CLSy4VXIHtFaNdn5QQYsPoSpJN0XEuwUeJUyFCXcPmTgdm7By6dOet117khVooFdjYGTv2GP1CJASEAA==",
      "cpu": [
        "arm64"
      ],
      "dev": true,
      "license": "MIT",
      "optional": true,
      "os": [
        "linux"
      ]
    },
    "node_modules/@echelon-foundry/visual-engineering-linux-x64": {
      "version": "1.0.0",
      "resolved": "https://registry.npmjs.org/@echelon-foundry/visual-engineering-linux-x64/-/visual-engineering-linux-x64-1.0.0.tgz",
      "integrity": "sha512-fP6kPx7ntkpv4F9xPQxhEouLq/szfn4HBwMx8wTbjvQQ/Nfp/CuKB1Nd+tncIV1Xi28vbDdvNGlyp1H84Tmetw==",
      "cpu": [
        "x64"
      ],
      "dev": true,
      "license": "MIT",
      "optional": true,
      "os": [
        "linux"
      ]
    },
    "node_modules/@echelon-foundry/visual-engineering-osx-arm64": {
      "version": "1.0.0",
      "resolved": "https://registry.npmjs.org/@echelon-foundry/visual-engineering-osx-arm64/-/visual-engineering-osx-arm64-1.0.0.tgz",
      "integrity": "sha512-h3Vg1XiDSl2ll1+5iNgBV/gTvVW75zhQjsxIfCnLTUYMqz4OuGw40aE9kJTMymR0Zigxsjtzi3xQ0uBCccyC4Q==",
      "cpu": [
        "arm64"
      ],
      "dev": true,
      "license": "MIT",
      "optional": true,
      "os": [
        "darwin"
      ]
    },
    "node_modules/@echelon-foundry/visual-engineering-osx-x64": {
      "version": "1.0.0",
      "resolved": "https://registry.npmjs.org/@echelon-foundry/visual-engineering-osx-x64/-/visual-engineering-osx-x64-1.0.0.tgz",
      "integrity": "sha512-M74CXOcZtjeH9jlCcurmkdfu9aL3UmC61Xgg8+Dn6ExVKjyu8Iaoy+tmYT12vfemh+DW3qHCIH4KNLw1S6icxA==",
      "cpu": [
        "x64"
      ],
      "dev": true,
      "license": "MIT",
      "optional": true,
      "os": [
        "darwin"
      ]
    },
    "node_modules/@echelon-foundry/visual-engineering-win-arm64": {
      "version": "1.0.0",
      "resolved": "https://registry.npmjs.org/@echelon-foundry/visual-engineering-win-arm64/-/visual-engineering-win-arm64-1.0.0.tgz",
      "integrity": "sha512-WuCahKxkvzv7lgvNkxmQBulR6rKiOy/dafz9+WaO+nKOpNqnnhCgcDvp6mhOKt+3OpjA1opNQXMYjSUWZp2J7g==",
      "cpu": [
        "arm64"
      ],
      "dev": true,
      "license": "MIT",
      "optional": true,
      "os": [
        "win32"
      ]
    },
    "node_modules/@echelon-foundry/visual-engineering-win-x64": {
      "version": "1.0.0",
      "resolved": "https://registry.npmjs.org/@echelon-foundry/visual-engineering-win-x64/-/visual-engineering-win-x64-1.0.0.tgz",
      "integrity": "sha512-hz8f6IQ2zJ7N2bH9QWMdqoIWy8SJtoG8PkfTbUAGagdh33LXgSyICwIQP28PycAWVw19m5QCfZjKGza2ZrfbCQ==",
      "cpu": [
        "x64"
      ],
      "dev": true,
      "license": "MIT",
      "optional": true,
      "os": [
        "win32"
      ]
    }
  }
}
