{
  "name": "percepta",
  "version": "0.1.0",
  "lockfileVersion": 3,
  "requires": true,
  "packages": {
    "": {
      "name": "percepta",
      "version": "0.1.0",
      "dependencies": {
        "@echelon-foundry/design-system": "https://github.com/kemiller2002/forma/releases/download/v0.4.1/echelon-foundry-design-system-0.4.1.tgz",
        "@echelon-foundry/limen": "0.9.0",
        "@echelon-foundry/print-components": "github:kemiller2002/folio#2b101b6d840a670abb959148fff8e1477c059eda"
      },
      "devDependencies": {
        "@echelon-foundry/communication-engineering": "github:kemiller2002/communication-engineering#4590d2fe6f7e80b339117d3fbee5803f2dd39122",
        "@echelon-foundry/visual-engineering": "1.0.1"
      },
      "engines": {
        "node": ">=24 <25"
      }
    },
    "node_modules/@echelon-foundry/communication-engineering": {
      "version": "1.0.0",
      "resolved": "git+ssh://git@github.com/kemiller2002/communication-engineering.git#4590d2fe6f7e80b339117d3fbee5803f2dd39122",
      "integrity": "sha512-Oj4SlZP9Ix3CeNfiWmsYanje6wDZfYDo0jkrFS5ObHiPZYiIgsdxKTNDCX2m9+6u5OpDcLsPgdUJvFngmBEk8A==",
      "dev": true,
      "bin": {
        "communication-engineering": "bin/communication-engineering.mjs"
      },
      "engines": {
        "node": ">=20"
      }
    },
    "node_modules/@echelon-foundry/design-system": {
      "version": "0.4.1",
      "resolved": "https://github.com/kemiller2002/forma/releases/download/v0.4.1/echelon-foundry-design-system-0.4.1.tgz",
      "integrity": "sha512-uRLGrRJzSJ29S6Ynnc8pptt4nZ6Pis8pFQ547EV4h5hiVeuYYhD00gFA6L1eNIQ0FK/etxidygAybgi3XFpmHA=="
    },
    "node_modules/@echelon-foundry/limen": {
      "version": "0.9.0",
      "resolved": "https://registry.npmjs.org/@echelon-foundry/limen/-/limen-0.9.0.tgz",
      "integrity": "sha512-noI4TcIfuomBmb2IDSEtm93RpYV3l+9D1eeqtHhW6dld63hpe9McKT335hEaLhc0EEbxNVd1dKlcvw+Nb+PMsw==",
      "license": "MIT",
      "bin": {
        "limen": "bin/limen.js",
        "typescript-wasm-kernel": "bin/limen.js"
      },
      "engines": {
        "node": ">=22"
      }
    },
    "node_modules/@echelon-foundry/print-components": {
      "version": "0.3.0",
      "resolved": "git+ssh://git@github.com/kemiller2002/folio.git#2b101b6d840a670abb959148fff8e1477c059eda",
      "integrity": "sha512-bZzJdd4XRQ8dqTiELgYNdoPjgZ0qwlT1Pdh9mYQYwGtLKKqt1iQWdEMhkNmRqTHkDTL7bKQxvkrXhSC4EZG+Rw==",
      "engines": {
        "node": ">=24 <25"
      }
    },
    "node_modules/@echelon-foundry/visual-engineering": {
      "version": "1.0.1",
      "resolved": "https://registry.npmjs.org/@echelon-foundry/visual-engineering/-/visual-engineering-1.0.1.tgz",
      "integrity": "sha512-1J7h9Gulc7DHfTty6U42Cg4MrYlsHPTm60SUTL4w7jxNv8tLr7HLIHLb/eDd1T7fsHF2v/WVQB/FtOZP1mtqBQ==",
      "dev": true,
      "license": "MIT",
      "bin": {
        "visual-engineering": "bin/visual-engineering.js"
      },
      "engines": {
        "node": ">=20"
      },
      "optionalDependencies": {
        "@echelon-foundry/visual-engineering-linux-arm64": "1.0.1",
        "@echelon-foundry/visual-engineering-linux-x64": "1.0.1",
        "@echelon-foundry/visual-engineering-osx-arm64": "1.0.1",
        "@echelon-foundry/visual-engineering-osx-x64": "1.0.1",
        "@echelon-foundry/visual-engineering-win-arm64": "1.0.1",
        "@echelon-foundry/visual-engineering-win-x64": "1.0.1"
      }
    },
    "node_modules/@echelon-foundry/visual-engineering-linux-arm64": {
      "version": "1.0.1",
      "resolved": "https://registry.npmjs.org/@echelon-foundry/visual-engineering-linux-arm64/-/visual-engineering-linux-arm64-1.0.1.tgz",
      "integrity": "sha512-Pp8Are6U82+rUTasneAJwn2Pl8Ge3R5qZe5YUXoPvrj4wycsEQ04BniyFtmbUEbMbS3oMn79uV1NhgDz3CemrQ==",
      "cpu": [
        "arm64"
      ],
      "dev": true,
      "license": "MIT",
      "optional": true,
      "os": [
        "linux"
      ]
    },
    "node_modules/@echelon-foundry/visual-engineering-linux-x64": {
      "version": "1.0.1",
      "resolved": "https://registry.npmjs.org/@echelon-foundry/visual-engineering-linux-x64/-/visual-engineering-linux-x64-1.0.1.tgz",
      "integrity": "sha512-/7r3xScuH0nXhg+ShKbIepRN+SSrtDMaxi5SYH1EEXVEkyuTuL7j/EPR+x8D2Ll0Xie0iKVXsuRHloT66xNruQ==",
      "cpu": [
        "x64"
      ],
      "dev": true,
      "license": "MIT",
      "optional": true,
      "os": [
        "linux"
      ]
    },
    "node_modules/@echelon-foundry/visual-engineering-osx-arm64": {
      "version": "1.0.1",
      "resolved": "https://registry.npmjs.org/@echelon-foundry/visual-engineering-osx-arm64/-/visual-engineering-osx-arm64-1.0.1.tgz",
      "integrity": "sha512-BB9w664uFc0GKwE2MQAbGGCsBaSmLMo47DmjJ4IkwBZCgY4kkcY6o5S996AqnJUKw+Z0BdKsbdGufAxFsBr1dg==",
      "cpu": [
        "arm64"
      ],
      "dev": true,
      "license": "MIT",
      "optional": true,
      "os": [
        "darwin"
      ]
    },
    "node_modules/@echelon-foundry/visual-engineering-osx-x64": {
      "version": "1.0.1",
      "resolved": "https://registry.npmjs.org/@echelon-foundry/visual-engineering-osx-x64/-/visual-engineering-osx-x64-1.0.1.tgz",
      "integrity": "sha512-HTZSvKtNLDXcfoe39RKt7j+yZO/ireiFzOXuF0eY+63m527TmX18a3L5cy16vLBg3krkHQKFzxAwJOrHVsEifw==",
      "cpu": [
        "x64"
      ],
      "dev": true,
      "license": "MIT",
      "optional": true,
      "os": [
        "darwin"
      ]
    },
    "node_modules/@echelon-foundry/visual-engineering-win-arm64": {
      "version": "1.0.1",
      "resolved": "https://registry.npmjs.org/@echelon-foundry/visual-engineering-win-arm64/-/visual-engineering-win-arm64-1.0.1.tgz",
      "integrity": "sha512-lhSov+wqdqUlhjZd57ra/LkSmQxPREMFDQqAm4AOJ0c+bOvGyT270twoPXs/+DyBr3U8yEp9+NPQOpxh795uWw==",
      "cpu": [
        "arm64"
      ],
      "dev": true,
      "license": "MIT",
      "optional": true,
      "os": [
        "win32"
      ]
    },
    "node_modules/@echelon-foundry/visual-engineering-win-x64": {
      "version": "1.0.1",
      "resolved": "https://registry.npmjs.org/@echelon-foundry/visual-engineering-win-x64/-/visual-engineering-win-x64-1.0.1.tgz",
      "integrity": "sha512-HAxffcb3dzUh0GmRDQfQAGCHkn1deF3mPiR8yrUm9HOZXzXnKqLH7Ub2bxpuOt/ffwIwP0l/JAya0Okf+aVKMQ==",
      "cpu": [
        "x64"
      ],
      "dev": true,
      "license": "MIT",
      "optional": true,
      "os": [
        "win32"
      ]
    }
  }
}
